
Microsoft Visual Studio Solution File, Format Version 12.00
# Visual Studio Version 16
VisualStudioVersion = 16.0.30413.136
MinimumVisualStudioVersion = 10.0.40219.1
Project("{FAE04EC0-301F-11D3-BF4B-00C04F79EFBC}") = "Lab 4.1", "Lab 4.1\Lab 4.1.csproj", "{DB5C127B-F2EC-44EA-8F0E-0E5FD3379CBF}"
EndProject
Global
	GlobalSection(SolutionConfigurationPlatforms) = preSolution
		Debug|Any CPU = Debug|Any CPU
		Release|Any CPU = Release|Any CPU
	EndGlobalSection
	GlobalSection(ProjectConfigurationPlatforms) = postSolution
		{DB5C127B-F2EC-44EA-8F0E-0E5FD3379CBF}.Debug|Any CPU.ActiveCfg = Debug|Any CPU
		{DB5C127B-F2EC-44EA-8F0E-0E5FD3379CBF}.Debug|Any CPU.Build.0 = Debug|Any CPU
		{DB5C127B-F2EC-44EA-8F0E-0E5FD3379CBF}.Release|Any CPU.ActiveCfg = Release|Any CPU
		{DB5C127B-F2EC-44EA-8F0E-0E5FD3379CBF}.Release|Any CPU.Build.0 = Release|Any CPU
	EndGlobalSection
	GlobalSection(SolutionProperties) = preSolution
		HideSolutionNode = FALSE
	EndGlobalSection
	GlobalSection(ExtensibilityGlobals) = postSolution
		SolutionGuid = {1D128A8D-597D-4560-97DE-D1F377FEF27B}
	EndGlobalSection
EndGlobal
